// !$*UTF8*$!
{
	archiveVersion = 1;
	classes = {
	};
	objectVersion = 46;
	objects = {

/* Begin PBXBuildFile section */
		3F1B66991C7AE2090009EB59 /* AppDelegate.swift in Sources */ = {isa = PBXBuildFile; fileRef = 3F1B66981C7AE2090009EB59 /* AppDelegate.swift */; };
		3F1B66A01C7AE2090009EB59 /* Assets.xcassets in Resources */ = {isa = PBXBuildFile; fileRef = 3F1B669F1C7AE2090009EB59 /* Assets.xcassets */; };
		3F1B66A31C7AE2090009EB59 /* LaunchScreen.storyboard in Resources */ = {isa = PBXBuildFile; fileRef = 3F1B66A11C7AE2090009EB59 /* LaunchScreen.storyboard */; };
		3F1B66BD1C7AEE630009EB59 /* MenuItemTests.swift in Sources */ = {isa = PBXBuildFile; fileRef = 3F1B66BC1C7AEE630009EB59 /* MenuItemTests.swift */; };
		3F1B66BF1C7AEEA90009EB59 /* MenuItem.swift in Sources */ = {isa = PBXBuildFile; fileRef = 3F1B66BE1C7AEEA90009EB59 /* MenuItem.swift */; };
		3F1B66C01C7AEF460009EB59 /* MenuItem.swift in Sources */ = {isa = PBXBuildFile; fileRef = 3F1B66BE1C7AEEA90009EB59 /* MenuItem.swift */; };
		3F1B66C21C7AF2790009EB59 /* MenuItemsReader.swift in Sources */ = {isa = PBXBuildFile; fileRef = 3F1B66C11C7AF2790009EB59 /* MenuItemsReader.swift */; };
		3F1B66C31C7AF2790009EB59 /* MenuItemsReader.swift in Sources */ = {isa = PBXBuildFile; fileRef = 3F1B66C11C7AF2790009EB59 /* MenuItemsReader.swift */; };
		3F1B66C81C7AF3710009EB59 /* MenuItemsPlistReader.swift in Sources */ = {isa = PBXBuildFile; fileRef = 3F1B66C71C7AF3710009EB59 /* MenuItemsPlistReader.swift */; };
		3F1B66C91C7AF3710009EB59 /* MenuItemsPlistReader.swift in Sources */ = {isa = PBXBuildFile; fileRef = 3F1B66C71C7AF3710009EB59 /* MenuItemsPlistReader.swift */; };
/* End PBXBuildFile section */

/* Begin PBXContainerItemProxy section */
		3F1B66B61C7AEDE50009EB59 /* PBXContainerItemProxy */ = {
			isa = PBXContainerItemProxy;
			containerPortal = 3F1B668D1C7AE2090009EB59 /* Project object */;
			proxyType = 1;
			remoteGlobalIDString = 3F1B66941C7AE2090009EB59;
			remoteInfo = AppMenu;
		};
/* End PBXContainerItemProxy section */

/* Begin PBXFileReference section */
		3F1B66951C7AE2090009EB59 /* AppMenu.app */ = {isa = PBXFileReference; explicitFileType = wrapper.application; includeInIndex = 0; path = AppMenu.app; sourceTree = BUILT_PRODUCTS_DIR; };
		3F1B66981C7AE2090009EB59 /* AppDelegate.swift */ = {isa = PBXFileReference; lastKnownFileType = sourcecode.swift; path = AppDelegate.swift; sourceTree = "<group>"; };
		3F1B669F1C7AE2090009EB59 /* Assets.xcassets */ = {isa = PBXFileReference; lastKnownFileType = folder.assetcatalog; path = Assets.xcassets; sourceTree = "<group>"; };
		3F1B66A21C7AE2090009EB59 /* Base */ = {isa = PBXFileReference; lastKnownFileType = file.storyboard; name = Base; path = Base.lproj/LaunchScreen.storyboard; sourceTree = "<group>"; };
		3F1B66A41C7AE2090009EB59 /* Info.plist */ = {isa = PBXFileReference; lastKnownFileType = text.plist.xml; path = Info.plist; sourceTree = "<group>"; };
		3F1B66B11C7AEDE50009EB59 /* AppMenuTests.xctest */ = {isa = PBXFileReference; explicitFileType = wrapper.cfbundle; includeInIndex = 0; path = AppMenuTests.xctest; sourceTree = BUILT_PRODUCTS_DIR; };
		3F1B66B51C7AEDE50009EB59 /* Info.plist */ = {isa = PBXFileReference; lastKnownFileType = text.plist.xml; path = Info.plist; sourceTree = "<group>"; };
		3F1B66BB1C7AEE630009EB59 /* AppMenuTests-Bridging-Header.h */ = {isa = PBXFileReference; lastKnownFileType = sourcecode.c.h; path = "AppMenuTests-Bridging-Header.h"; sourceTree = "<group>"; };
		3F1B66BC1C7AEE630009EB59 /* MenuItemTests.swift */ = {isa = PBXFileReference; fileEncoding = 4; lastKnownFileType = sourcecode.swift; path = MenuItemTests.swift; sourceTree = "<group>"; };
		3F1B66BE1C7AEEA90009EB59 /* MenuItem.swift */ = {isa = PBXFileReference; fileEncoding = 4; lastKnownFileType = sourcecode.swift; path = MenuItem.swift; sourceTree = "<group>"; };
		3F1B66C11C7AF2790009EB59 /* MenuItemsReader.swift */ = {isa = PBXFileReference; fileEncoding = 4; lastKnownFileType = sourcecode.swift; path = MenuItemsReader.swift; sourceTree = "<group>"; };
		3F1B66C71C7AF3710009EB59 /* MenuItemsPlistReader.swift */ = {isa = PBXFileReference; fileEncoding = 4; lastKnownFileType = sourcecode.swift; path = MenuItemsPlistReader.swift; sourceTree = "<group>"; };
/* End PBXFileReference section */

/* Begin PBXFrameworksBuildPhase section */
		3F1B66921C7AE2090009EB59 /* Frameworks */ = {
			isa = PBXFrameworksBuildPhase;
			buildActionMask = 2147483647;
			files = (
			);
			runOnlyForDeploymentPostprocessing = 0;
		};
		3F1B66AE1C7AEDE50009EB59 /* Frameworks */ = {
			isa = PBXFrameworksBuildPhase;
			buildActionMask = 2147483647;
			files = (
			);
			runOnlyForDeploymentPostprocessing = 0;
		};
/* End PBXFrameworksBuildPhase section */

/* Begin PBXGroup section */
		3F1B668C1C7AE2090009EB59 = {
			isa = PBXGroup;
			children = (
				3F1B66971C7AE2090009EB59 /* AppMenu */,
				3F1B66B21C7AEDE50009EB59 /* AppMenuTests */,
				3F1B66961C7AE2090009EB59 /* Products */,
			);
			sourceTree = "<group>";
		};
		3F1B66961C7AE2090009EB59 /* Products */ = {
			isa = PBXGroup;
			children = (
				3F1B66951C7AE2090009EB59 /* AppMenu.app */,
				3F1B66B11C7AEDE50009EB59 /* AppMenuTests.xctest */,
			);
			name = Products;
			sourceTree = "<group>";
		};
		3F1B66971C7AE2090009EB59 /* AppMenu */ = {
			isa = PBXGroup;
			children = (
				3F1B66981C7AE2090009EB59 /* AppDelegate.swift */,
				3F1B66BE1C7AEEA90009EB59 /* MenuItem.swift */,
				3F1B66C11C7AF2790009EB59 /* MenuItemsReader.swift */,
				3F1B66C71C7AF3710009EB59 /* MenuItemsPlistReader.swift */,
				3F1B669F1C7AE2090009EB59 /* Assets.xcassets */,
				3F1B66A11C7AE2090009EB59 /* LaunchScreen.storyboard */,
				3F1B66A41C7AE2090009EB59 /* Info.plist */,
			);
			path = AppMenu;
			sourceTree = "<group>";
		};
		3F1B66B21C7AEDE50009EB59 /* AppMenuTests */ = {
			isa = PBXGroup;
			children = (
				3F1B66B51C7AEDE50009EB59 /* Info.plist */,
				3F1B66BC1C7AEE630009EB59 /* MenuItemTests.swift */,
				3F1B66BB1C7AEE630009EB59 /* AppMenuTests-Bridging-Header.h */,
			);
			path = AppMenuTests;
			sourceTree = "<group>";
		};
/* End PBXGroup section */

/* Begin PBXNativeTarget section */
		3F1B66941C7AE2090009EB59 /* AppMenu */ = {
			isa = PBXNativeTarget;
			buildConfigurationList = 3F1B66A71C7AE2090009EB59 /* Build configuration list for PBXNativeTarget "AppMenu" */;
			buildPhases = (
				3F1B66911C7AE2090009EB59 /* Sources */,
				3F1B66921C7AE2090009EB59 /* Frameworks */,
				3F1B66931C7AE2090009EB59 /* Resources */,
			);
			buildRules = (
			);
			dependencies = (
			);
			name = AppMenu;
			productName = AppMenu;
			productReference = 3F1B66951C7AE2090009EB59 /* AppMenu.app */;
			productType = "com.apple.product-type.application";
		};
		3F1B66B01C7AEDE50009EB59 /* AppMenuTests */ = {
			isa = PBXNativeTarget;
			buildConfigurationList = 3F1B66B81C7AEDE50009EB59 /* Build configuration list for PBXNativeTarget "AppMenuTests" */;
			buildPhases = (
				3F1B66AD1C7AEDE50009EB59 /* Sources */,
				3F1B66AE1C7AEDE50009EB59 /* Frameworks */,
				3F1B66AF1C7AEDE50009EB59 /* Resources */,
			);
			buildRules = (
			);
			dependencies = (
				3F1B66B71C7AEDE50009EB59 /* PBXTargetDependency */,
			);
			name = AppMenuTests;
			productName = AppMenuTests;
			productReference = 3F1B66B11C7AEDE50009EB59 /* AppMenuTests.xctest */;
			productType = "com.apple.product-type.bundle.unit-test";
		};
/* End PBXNativeTarget section */

/* Begin PBXProject section */
		3F1B668D1C7AE2090009EB59 /* Project object */ = {
			isa = PBXProject;
			attributes = {
				LastSwiftUpdateCheck = 0720;
				LastUpgradeCheck = 0720;
				ORGANIZATIONNAME = simplyhired;
				TargetAttributes = {
					3F1B66941C7AE2090009EB59 = {
						CreatedOnToolsVersion = 7.2;
						DevelopmentTeam = Y35VLJW3M5;
					};
					3F1B66B01C7AEDE50009EB59 = {
						CreatedOnToolsVersion = 7.2;
						TestTargetID = 3F1B66941C7AE2090009EB59;
					};
				};
			};
			buildConfigurationList = 3F1B66901C7AE2090009EB59 /* Build configuration list for PBXProject "AppMenu" */;
			compatibilityVersion = "Xcode 3.2";
			developmentRegion = English;
			hasScannedForEncodings = 0;
			knownRegions = (
				en,
				Base,
			);
			mainGroup = 3F1B668C1C7AE2090009EB59;
			productRefGroup = 3F1B66961C7AE2090009EB59 /* Products */;
			projectDirPath = "";
			projectRoot = "";
			targets = (
				3F1B66941C7AE2090009EB59 /* AppMenu */,
				3F1B66B01C7AEDE50009EB59 /* AppMenuTests */,
			);
		};
/* End PBXProject section */

/* Begin PBXResourcesBuildPhase section */
		3F1B66931C7AE2090009EB59 /* Resources */ = {
			isa = PBXResourcesBuildPhase;
			buildActionMask = 2147483647;
			files = (
				3F1B66A31C7AE2090009EB59 /* LaunchScreen.storyboard in Resources */,
				3F1B66A01C7AE2090009EB59 /* Assets.xcassets in Resources */,
			);
			runOnlyForDeploymentPostprocessing = 0;
		};
		3F1B66AF1C7AEDE50009EB59 /* Resources */ = {
			isa = PBXResourcesBuildPhase;
			buildActionMask = 2147483647;
			files = (
			);
			runOnlyForDeploymentPostprocessing = 0;
		};
/* End PBXResourcesBuildPhase section */

/* Begin PBXSourcesBuildPhase section */
		3F1B66911C7AE2090009EB59 /* Sources */ = {
			isa = PBXSourcesBuildPhase;
			buildActionMask = 2147483647;
			files = (
				3F1B66991C7AE2090009EB59 /* AppDelegate.swift in Sources */,
				3F1B66C21C7AF2790009EB59 /* MenuItemsReader.swift in Sources */,
				3F1B66BF1C7AEEA90009EB59 /* MenuItem.swift in Sources */,
				3F1B66C81C7AF3710009EB59 /* MenuItemsPlistReader.swift in Sources */,
			);
			runOnlyForDeploymentPostprocessing = 0;
		};
		3F1B66AD1C7AEDE50009EB59 /* Sources */ = {
			isa = PBXSourcesBuildPhase;
			buildActionMask = 2147483647;
			files = (
				3F1B66BD1C7AEE630009EB59 /* MenuItemTests.swift in Sources */,
				3F1B66C31C7AF2790009EB59 /* MenuItemsReader.swift in Sources */,
				3F1B66C01C7AEF460009EB59 /* MenuItem.swift in Sources */,
				3F1B66C91C7AF3710009EB59 /* MenuItemsPlistReader.swift in Sources */,
			);
			runOnlyForDeploymentPostprocessing = 0;
		};
/* End PBXSourcesBuildPhase section */

/* Begin PBXTargetDependency section */
		3F1B66B71C7AEDE50009EB59 /* PBXTargetDependency */ = {
			isa = PBXTargetDependency;
			target = 3F1B66941C7AE2090009EB59 /* AppMenu */;
			targetProxy = 3F1B66B61C7AEDE50009EB59 /* PBXContainerItemProxy */;
		};
/* End PBXTargetDependency section */

/* Begin PBXVariantGroup section */
		3F1B66A11C7AE2090009EB59 /* LaunchScreen.storyboard */ = {
			isa = PBXVariantGroup;
			children = (
				3F1B66A21C7AE2090009EB59 /* Base */,
			);
			name = LaunchScreen.storyboard;
			sourceTree = "<group>";
		};
/* End PBXVariantGroup section */

/* Begin XCBuildConfiguration section */
		3F1B66A51C7AE2090009EB59 /* Debug */ = {
			isa = XCBuildConfiguration;
			buildSettings = {
				ALWAYS_SEARCH_USER_PATHS = NO;
				CLANG_CXX_LANGUAGE_STANDARD = "gnu++0x";
				CLANG_CXX_LIBRARY = "libc++";
				CLANG_ENABLE_MODULES = YES;
				CLANG_ENABLE_OBJC_ARC = YES;
				CLANG_WARN_BOOL_CONVERSION = YES;
				CLANG_WARN_CONSTANT_CONVERSION = YES;
				CLANG_WARN_DIRECT_OBJC_ISA_USAGE = YES_ERROR;
				CLANG_WARN_EMPTY_BODY = YES;
				CLANG_WARN_ENUM_CONVERSION = YES;
				CLANG_WARN_INT_CONVERSION = YES;
				CLANG_WARN_OBJC_ROOT_CLASS = YES_ERROR;
				CLANG_WARN_UNREACHABLE_CODE = YES;
				CLANG_WARN__DUPLICATE_METHOD_MATCH = YES;
				"CODE_SIGN_IDENTITY[sdk=iphoneos*]" = "iPhone Developer";
				COPY_PHASE_STRIP = NO;
				DEBUG_INFORMATION_FORMAT = dwarf;
				ENABLE_STRICT_OBJC_MSGSEND = YES;
				ENABLE_TESTABILITY = YES;
				GCC_C_LANGUAGE_STANDARD = gnu99;
				GCC_DYNAMIC_NO_PIC = NO;
				GCC_NO_COMMON_BLOCKS = YES;
				GCC_OPTIMIZATION_LEVEL = 0;
				GCC_PREPROCESSOR_DEFINITIONS = (
					"DEBUG=1",
					"$(inherited)",
				);
				GCC_WARN_64_TO_32_BIT_CONVERSION = YES;
				GCC_WARN_ABOUT_RETURN_TYPE = YES_ERROR;
				GCC_WARN_UNDECLARED_SELECTOR = YES;
				GCC_WARN_UNINITIALIZED_AUTOS = YES_AGGRESSIVE;
				GCC_WARN_UNUSED_FUNCTION = YES;
				GCC_WARN_UNUSED_VARIABLE = YES;
				IPHONEOS_DEPLOYMENT_TARGET = 9.2;
				MTL_ENABLE_DEBUG_INFO = YES;
				ONLY_ACTIVE_ARCH = YES;
				SDKROOT = iphoneos;
				SWIFT_OPTIMIZATION_LEVEL = "-Onone";
			};
			name = Debug;
		};
		3F1B66A61C7AE2090009EB59 /* Release */ = {
			isa = XCBuildConfiguration;
			buildSettings = {
				ALWAYS_SEARCH_USER_PATHS = NO;
				CLANG_CXX_LANGUAGE_STANDARD = "gnu++0x";
				CLANG_CXX_LIBRARY = "libc++";
				CLANG_ENABLE_MODULES = YES;
				CLANG_ENABLE_OBJC_ARC = YES;
				CLANG_WARN_BOOL_CONVERSION = YES;
				CLANG_WARN_CONSTANT_CONVERSION = YES;
				CLANG_WARN_DIRECT_OBJC_ISA_USAGE = YES_ERROR;
				CLANG_WARN_EMPTY_BODY = YES;
				CLANG_WARN_ENUM_CONVERSION = YES;
				CLANG_WARN_INT_CONVERSION = YES;
				CLANG_WARN_OBJC_ROOT_CLASS = YES_ERROR;
				CLANG_WARN_UNREACHABLE_CODE = YES;
				CLANG_WARN__DUPLICATE_METHOD_MATCH = YES;
				"CODE_SIGN_IDENTITY[sdk=iphoneos*]" = "iPhone Developer";
				COPY_PHASE_STRIP = NO;
				DEBUG_INFORMATION_FORMAT = "dwarf-with-dsym";
				ENABLE_NS_ASSERTIONS = NO;
				ENABLE_STRICT_OBJC_MSGSEND = YES;
				GCC_C_LANGUAGE_STANDARD = gnu99;
				GCC_NO_COMMON_BLOCKS = YES;
				GCC_WARN_64_TO_32_BIT_CONVERSION = YES;
				GCC_WARN_ABOUT_RETURN_TYPE = YES_ERROR;
				GCC_WARN_UNDECLARED_SELECTOR = YES;
				GCC_WARN_UNINITIALIZED_AUTOS = YES_AGGRESSIVE;
				GCC_WARN_UNUSED_FUNCTION = YES;
				GCC_WARN_UNUSED_VARIABLE = YES;
				IPHONEOS_DEPLOYMENT_TARGET = 9.2;
				MTL_ENABLE_DEBUG_INFO = NO;
				SDKROOT = iphoneos;
				VALIDATE_PRODUCT = YES;
			};
			name = Release;
		};
		3F1B66A81C7AE2090009EB59 /* Debug */ = {
			isa = XCBuildConfiguration;
			buildSettings = {
				ASSETCATALOG_COMPILER_APPICON_NAME = AppIcon;
				CODE_SIGN_IDENTITY = "";
				"CODE_SIGN_IDENTITY[sdk=iphoneos*]" = "iPhone Developer";
				INFOPLIST_FILE = AppMenu/Info.plist;
				LD_RUNPATH_SEARCH_PATHS = "$(inherited) @executable_path/Frameworks";
				PRODUCT_BUNDLE_IDENTIFIER = com.simplyhired.AppMenu;
				PRODUCT_NAME = "$(TARGET_NAME)";
				PROVISIONING_PROFILE = "";
			};
			name = Debug;
		};
		3F1B66A91C7AE2090009EB59 /* Release */ = {
			isa = XCBuildConfiguration;
			buildSettings = {
				ASSETCATALOG_COMPILER_APPICON_NAME = AppIcon;
				CODE_SIGN_IDENTITY = "";
				"CODE_SIGN_IDENTITY[sdk=iphoneos*]" = "iPhone Developer";
				INFOPLIST_FILE = AppMenu/Info.plist;
				LD_RUNPATH_SEARCH_PATHS = "$(inherited) @executable_path/Frameworks";
				PRODUCT_BUNDLE_IDENTIFIER = com.simplyhired.AppMenu;
				PRODUCT_NAME = "$(TARGET_NAME)";
				PROVISIONING_PROFILE = "";
			};
			name = Release;
		};
		3F1B66B91C7AEDE50009EB59 /* Debug */ = {
			isa = XCBuildConfiguration;
			buildSettings = {
				BUNDLE_LOADER = "$(TEST_HOST)";
				CLANG_ENABLE_MODULES = YES;
				INFOPLIST_FILE = AppMenuTests/Info.plist;
				LD_RUNPATH_SEARCH_PATHS = "$(inherited) @executable_path/Frameworks @loader_path/Frameworks";
				PRODUCT_BUNDLE_IDENTIFIER = com.simplyhired.AppMenuTests;
				PRODUCT_NAME = "$(TARGET_NAME)";
				SWIFT_OBJC_BRIDGING_HEADER = "AppMenuTests/AppMenuTests-Bridging-Header.h";
				SWIFT_OPTIMIZATION_LEVEL = "-Onone";
				TEST_HOST = "$(BUILT_PRODUCTS_DIR)/AppMenu.app/AppMenu";
			};
			name = Debug;
		};
		3F1B66BA1C7AEDE50009EB59 /* Release */ = {
			isa = XCBuildConfiguration;
			buildSettings = {
				BUNDLE_LOADER = "$(TEST_HOST)";
				CLANG_ENABLE_MODULES = YES;
				INFOPLIST_FILE = AppMenuTests/Info.plist;
				LD_RUNPATH_SEARCH_PATHS = "$(inherited) @executable_path/Frameworks @loader_path/Frameworks";
				PRODUCT_BUNDLE_IDENTIFIER = com.simplyhired.AppMenuTests;
				PRODUCT_NAME = "$(TARGET_NAME)";
				SWIFT_OBJC_BRIDGING_HEADER = "AppMenuTests/AppMenuTests-Bridging-Header.h";
				TEST_HOST = "$(BUILT_PRODUCTS_DIR)/AppMenu.app/AppMenu";
			};
			name = Release;
		};
/* End XCBuildConfiguration section */

/* Begin XCConfigurationList section */
		3F1B66901C7AE2090009EB59 /* Build configuration list for PBXProject "AppMenu" */ = {
			isa = XCConfigurationList;
			buildConfigurations = (
				3F1B66A51C7AE2090009EB59 /* Debug */,
				3F1B66A61C7AE2090009EB59 /* Release */,
			);
			defaultConfigurationIsVisible = 0;
			defaultConfigurationName = Release;
		};
		3F1B66A71C7AE2090009EB59 /* Build configuration list for PBXNativeTarget "AppMenu" */ = {
			isa = XCConfigurationList;
			buildConfigurations = (
				3F1B66A81C7AE2090009EB59 /* Debug */,
				3F1B66A91C7AE2090009EB59 /* Release */,
			);
			defaultConfigurationIsVisible = 0;
			defaultConfigurationName = Release;
		};
		3F1B66B81C7AEDE50009EB59 /* Build configuration list for PBXNativeTarget "AppMenuTests" */ = {
			isa = XCConfigurationList;
			buildConfigurations = (
				3F1B66B91C7AEDE50009EB59 /* Debug */,
				3F1B66BA1C7AEDE50009EB59 /* Release */,
			);
			defaultConfigurationIsVisible = 0;
		};
/* End XCConfigurationList section */
	};
	rootObject = 3F1B668D1C7AE2090009EB59 /* Project object */;
}
