// !$*UTF8*$!
{
	archiveVersion = 1;
	classes = {
	};
	objectVersion = 46;
	objects = {

/* Begin PBXBuildFile section */
		9C474F6B1A273CE600A430A4 /* AppDelegate.swift in Sources */ = {isa = PBXBuildFile; fileRef = 9C474F6A1A273CE600A430A4 /* AppDelegate.swift */; };
		9C474F6D1A273CE600A430A4 /* ViewController.swift in Sources */ = {isa = PBXBuildFile; fileRef = 9C474F6C1A273CE600A430A4 /* ViewController.swift */; };
		9C474F701A273CE600A430A4 /* Main.storyboard in Resources */ = {isa = PBXBuildFile; fileRef = 9C474F6E1A273CE600A430A4 /* Main.storyboard */; };
		9C474F721A273CE600A430A4 /* Images.xcassets in Resources */ = {isa = PBXBuildFile; fileRef = 9C474F711A273CE600A430A4 /* Images.xcassets */; };
		9C474F751A273CE600A430A4 /* LaunchScreen.xib in Resources */ = {isa = PBXBuildFile; fileRef = 9C474F731A273CE600A430A4 /* LaunchScreen.xib */; };
		9C474F811A273CE600A430A4 /* TipCalculatorTests.swift in Sources */ = {isa = PBXBuildFile; fileRef = 9C474F801A273CE600A430A4 /* TipCalculatorTests.swift */; };
		9C474F8B1A273D3000A430A4 /* TipCalculatorModel.swift in Sources */ = {isa = PBXBuildFile; fileRef = 9C474F8A1A273D3000A430A4 /* TipCalculatorModel.swift */; };
/* End PBXBuildFile section */

/* Begin PBXContainerItemProxy section */
		9C474F7B1A273CE600A430A4 /* PBXContainerItemProxy */ = {
			isa = PBXContainerItemProxy;
			containerPortal = 9C474F5D1A273CE500A430A4 /* Project object */;
			proxyType = 1;
			remoteGlobalIDString = 9C474F641A273CE600A430A4;
			remoteInfo = TipCalculator;
		};
/* End PBXContainerItemProxy section */

/* Begin PBXFileReference section */
		9C474F651A273CE600A430A4 /* TipCalculator.app */ = {isa = PBXFileReference; explicitFileType = wrapper.application; includeInIndex = 0; path = TipCalculator.app; sourceTree = BUILT_PRODUCTS_DIR; };
		9C474F691A273CE600A430A4 /* Info.plist */ = {isa = PBXFileReference; lastKnownFileType = text.plist.xml; path = Info.plist; sourceTree = "<group>"; };
		9C474F6A1A273CE600A430A4 /* AppDelegate.swift */ = {isa = PBXFileReference; lastKnownFileType = sourcecode.swift; path = AppDelegate.swift; sourceTree = "<group>"; };
		9C474F6C1A273CE600A430A4 /* ViewController.swift */ = {isa = PBXFileReference; lastKnownFileType = sourcecode.swift; path = ViewController.swift; sourceTree = "<group>"; };
		9C474F6F1A273CE600A430A4 /* Base */ = {isa = PBXFileReference; lastKnownFileType = file.storyboard; name = Base; path = Base.lproj/Main.storyboard; sourceTree = "<group>"; };
		9C474F711A273CE600A430A4 /* Images.xcassets */ = {isa = PBXFileReference; lastKnownFileType = folder.assetcatalog; path = Images.xcassets; sourceTree = "<group>"; };
		9C474F741A273CE600A430A4 /* Base */ = {isa = PBXFileReference; lastKnownFileType = file.xib; name = Base; path = Base.lproj/LaunchScreen.xib; sourceTree = "<group>"; };
		9C474F7A1A273CE600A430A4 /* TipCalculatorTests.xctest */ = {isa = PBXFileReference; explicitFileType = wrapper.cfbundle; includeInIndex = 0; path = TipCalculatorTests.xctest; sourceTree = BUILT_PRODUCTS_DIR; };
		9C474F7F1A273CE600A430A4 /* Info.plist */ = {isa = PBXFileReference; lastKnownFileType = text.plist.xml; path = Info.plist; sourceTree = "<group>"; };
		9C474F801A273CE600A430A4 /* TipCalculatorTests.swift */ = {isa = PBXFileReference; lastKnownFileType = sourcecode.swift; path = TipCalculatorTests.swift; sourceTree = "<group>"; };
		9C474F8A1A273D3000A430A4 /* TipCalculatorModel.swift */ = {isa = PBXFileReference; fileEncoding = 4; lastKnownFileType = sourcecode.swift; path = TipCalculatorModel.swift; sourceTree = SOURCE_ROOT; };
/* End PBXFileReference section */

/* Begin PBXFrameworksBuildPhase section */
		9C474F621A273CE600A430A4 /* Frameworks */ = {
			isa = PBXFrameworksBuildPhase;
			buildActionMask = 2147483647;
			files = (
			);
			runOnlyForDeploymentPostprocessing = 0;
		};
		9C474F771A273CE600A430A4 /* Frameworks */ = {
			isa = PBXFrameworksBuildPhase;
			buildActionMask = 2147483647;
			files = (
			);
			runOnlyForDeploymentPostprocessing = 0;
		};
/* End PBXFrameworksBuildPhase section */

/* Begin PBXGroup section */
		9C474F5C1A273CE500A430A4 = {
			isa = PBXGroup;
			children = (
				9C474F671A273CE600A430A4 /* TipCalculator */,
				9C474F7D1A273CE600A430A4 /* TipCalculatorTests */,
				9C474F661A273CE600A430A4 /* Products */,
			);
			sourceTree = "<group>";
		};
		9C474F661A273CE600A430A4 /* Products */ = {
			isa = PBXGroup;
			children = (
				9C474F651A273CE600A430A4 /* TipCalculator.app */,
				9C474F7A1A273CE600A430A4 /* TipCalculatorTests.xctest */,
			);
			name = Products;
			sourceTree = "<group>";
		};
		9C474F671A273CE600A430A4 /* TipCalculator */ = {
			isa = PBXGroup;
			children = (
				9C474F8A1A273D3000A430A4 /* TipCalculatorModel.swift */,
				9C474F6A1A273CE600A430A4 /* AppDelegate.swift */,
				9C474F6C1A273CE600A430A4 /* ViewController.swift */,
				9C474F6E1A273CE600A430A4 /* Main.storyboard */,
				9C474F711A273CE600A430A4 /* Images.xcassets */,
				9C474F731A273CE600A430A4 /* LaunchScreen.xib */,
				9C474F681A273CE600A430A4 /* Supporting Files */,
			);
			path = TipCalculator;
			sourceTree = "<group>";
		};
		9C474F681A273CE600A430A4 /* Supporting Files */ = {
			isa = PBXGroup;
			children = (
				9C474F691A273CE600A430A4 /* Info.plist */,
			);
			name = "Supporting Files";
			sourceTree = "<group>";
		};
		9C474F7D1A273CE600A430A4 /* TipCalculatorTests */ = {
			isa = PBXGroup;
			children = (
				9C474F801A273CE600A430A4 /* TipCalculatorTests.swift */,
				9C474F7E1A273CE600A430A4 /* Supporting Files */,
			);
			path = TipCalculatorTests;
			sourceTree = "<group>";
		};
		9C474F7E1A273CE600A430A4 /* Supporting Files */ = {
			isa = PBXGroup;
			children = (
				9C474F7F1A273CE600A430A4 /* Info.plist */,
			);
			name = "Supporting Files";
			sourceTree = "<group>";
		};
/* End PBXGroup section */

/* Begin PBXNativeTarget section */
		9C474F641A273CE600A430A4 /* TipCalculator */ = {
			isa = PBXNativeTarget;
			buildConfigurationList = 9C474F841A273CE600A430A4 /* Build configuration list for PBXNativeTarget "TipCalculator" */;
			buildPhases = (
				9C474F611A273CE600A430A4 /* Sources */,
				9C474F621A273CE600A430A4 /* Frameworks */,
				9C474F631A273CE600A430A4 /* Resources */,
			);
			buildRules = (
			);
			dependencies = (
			);
			name = TipCalculator;
			productName = TipCalculator;
			productReference = 9C474F651A273CE600A430A4 /* TipCalculator.app */;
			productType = "com.apple.product-type.application";
		};
		9C474F791A273CE600A430A4 /* TipCalculatorTests */ = {
			isa = PBXNativeTarget;
			buildConfigurationList = 9C474F871A273CE600A430A4 /* Build configuration list for PBXNativeTarget "TipCalculatorTests" */;
			buildPhases = (
				9C474F761A273CE600A430A4 /* Sources */,
				9C474F771A273CE600A430A4 /* Frameworks */,
				9C474F781A273CE600A430A4 /* Resources */,
			);
			buildRules = (
			);
			dependencies = (
				9C474F7C1A273CE600A430A4 /* PBXTargetDependency */,
			);
			name = TipCalculatorTests;
			productName = TipCalculatorTests;
			productReference = 9C474F7A1A273CE600A430A4 /* TipCalculatorTests.xctest */;
			productType = "com.apple.product-type.bundle.unit-test";
		};
/* End PBXNativeTarget section */

/* Begin PBXProject section */
		9C474F5D1A273CE500A430A4 /* Project object */ = {
			isa = PBXProject;
			attributes = {
				LastUpgradeCheck = 0610;
				ORGANIZATIONNAME = "Paul Sevilla";
				TargetAttributes = {
					9C474F641A273CE600A430A4 = {
						CreatedOnToolsVersion = 6.1;
					};
					9C474F791A273CE600A430A4 = {
						CreatedOnToolsVersion = 6.1;
						TestTargetID = 9C474F641A273CE600A430A4;
					};
				};
			};
			buildConfigurationList = 9C474F601A273CE500A430A4 /* Build configuration list for PBXProject "TipCalculator" */;
			compatibilityVersion = "Xcode 3.2";
			developmentRegion = English;
			hasScannedForEncodings = 0;
			knownRegions = (
				en,
				Base,
			);
			mainGroup = 9C474F5C1A273CE500A430A4;
			productRefGroup = 9C474F661A273CE600A430A4 /* Products */;
			projectDirPath = "";
			projectRoot = "";
			targets = (
				9C474F641A273CE600A430A4 /* TipCalculator */,
				9C474F791A273CE600A430A4 /* TipCalculatorTests */,
			);
		};
/* End PBXProject section */

/* Begin PBXResourcesBuildPhase section */
		9C474F631A273CE600A430A4 /* Resources */ = {
			isa = PBXResourcesBuildPhase;
			buildActionMask = 2147483647;
			files = (
				9C474F701A273CE600A430A4 /* Main.storyboard in Resources */,
				9C474F751A273CE600A430A4 /* LaunchScreen.xib in Resources */,
				9C474F721A273CE600A430A4 /* Images.xcassets in Resources */,
			);
			runOnlyForDeploymentPostprocessing = 0;
		};
		9C474F781A273CE600A430A4 /* Resources */ = {
			isa = PBXResourcesBuildPhase;
			buildActionMask = 2147483647;
			files = (
			);
			runOnlyForDeploymentPostprocessing = 0;
		};
/* End PBXResourcesBuildPhase section */

/* Begin PBXSourcesBuildPhase section */
		9C474F611A273CE600A430A4 /* Sources */ = {
			isa = PBXSourcesBuildPhase;
			buildActionMask = 2147483647;
			files = (
				9C474F8B1A273D3000A430A4 /* TipCalculatorModel.swift in Sources */,
				9C474F6D1A273CE600A430A4 /* ViewController.swift in Sources */,
				9C474F6B1A273CE600A430A4 /* AppDelegate.swift in Sources */,
			);
			runOnlyForDeploymentPostprocessing = 0;
		};
		9C474F761A273CE600A430A4 /* Sources */ = {
			isa = PBXSourcesBuildPhase;
			buildActionMask = 2147483647;
			files = (
				9C474F811A273CE600A430A4 /* TipCalculatorTests.swift in Sources */,
			);
			runOnlyForDeploymentPostprocessing = 0;
		};
/* End PBXSourcesBuildPhase section */

/* Begin PBXTargetDependency section */
		9C474F7C1A273CE600A430A4 /* PBXTargetDependency */ = {
			isa = PBXTargetDependency;
			target = 9C474F641A273CE600A430A4 /* TipCalculator */;
			targetProxy = 9C474F7B1A273CE600A430A4 /* PBXContainerItemProxy */;
		};
/* End PBXTargetDependency section */

/* Begin PBXVariantGroup section */
		9C474F6E1A273CE600A430A4 /* Main.storyboard */ = {
			isa = PBXVariantGroup;
			children = (
				9C474F6F1A273CE600A430A4 /* Base */,
			);
			name = Main.storyboard;
			sourceTree = "<group>";
		};
		9C474F731A273CE600A430A4 /* LaunchScreen.xib */ = {
			isa = PBXVariantGroup;
			children = (
				9C474F741A273CE600A430A4 /* Base */,
			);
			name = LaunchScreen.xib;
			sourceTree = "<group>";
		};
/* End PBXVariantGroup section */

/* Begin XCBuildConfiguration section */
		9C474F821A273CE600A430A4 /* Debug */ = {
			isa = XCBuildConfiguration;
			buildSettings = {
				ALWAYS_SEARCH_USER_PATHS = NO;
				CLANG_CXX_LANGUAGE_STANDARD = "gnu++0x";
				CLANG_CXX_LIBRARY = "libc++";
				CLANG_ENABLE_MODULES = YES;
				CLANG_ENABLE_OBJC_ARC = YES;
				CLANG_WARN_BOOL_CONVERSION = YES;
				CLANG_WARN_CONSTANT_CONVERSION = YES;
				CLANG_WARN_DIRECT_OBJC_ISA_USAGE = YES_ERROR;
				CLANG_WARN_EMPTY_BODY = YES;
				CLANG_WARN_ENUM_CONVERSION = YES;
				CLANG_WARN_INT_CONVERSION = YES;
				CLANG_WARN_OBJC_ROOT_CLASS = YES_ERROR;
				CLANG_WARN_UNREACHABLE_CODE = YES;
				CLANG_WARN__DUPLICATE_METHOD_MATCH = YES;
				"CODE_SIGN_IDENTITY[sdk=iphoneos*]" = "iPhone Developer";
				COPY_PHASE_STRIP = NO;
				ENABLE_STRICT_OBJC_MSGSEND = YES;
				GCC_C_LANGUAGE_STANDARD = gnu99;
				GCC_DYNAMIC_NO_PIC = NO;
				GCC_OPTIMIZATION_LEVEL = 0;
				GCC_PREPROCESSOR_DEFINITIONS = (
					"DEBUG=1",
					"$(inherited)",
				);
				GCC_SYMBOLS_PRIVATE_EXTERN = NO;
				GCC_WARN_64_TO_32_BIT_CONVERSION = YES;
				GCC_WARN_ABOUT_RETURN_TYPE = YES_ERROR;
				GCC_WARN_UNDECLARED_SELECTOR = YES;
				GCC_WARN_UNINITIALIZED_AUTOS = YES_AGGRESSIVE;
				GCC_WARN_UNUSED_FUNCTION = YES;
				GCC_WARN_UNUSED_VARIABLE = YES;
				IPHONEOS_DEPLOYMENT_TARGET = 8.1;
				MTL_ENABLE_DEBUG_INFO = YES;
				ONLY_ACTIVE_ARCH = YES;
				SDKROOT = iphoneos;
				SWIFT_OPTIMIZATION_LEVEL = "-Onone";
			};
			name = Debug;
		};
		9C474F831A273CE600A430A4 /* Release */ = {
			isa = XCBuildConfiguration;
			buildSettings = {
				ALWAYS_SEARCH_USER_PATHS = NO;
				CLANG_CXX_LANGUAGE_STANDARD = "gnu++0x";
				CLANG_CXX_LIBRARY = "libc++";
				CLANG_ENABLE_MODULES = YES;
				CLANG_ENABLE_OBJC_ARC = YES;
				CLANG_WARN_BOOL_CONVERSION = YES;
				CLANG_WARN_CONSTANT_CONVERSION = YES;
				CLANG_WARN_DIRECT_OBJC_ISA_USAGE = YES_ERROR;
				CLANG_WARN_EMPTY_BODY = YES;
				CLANG_WARN_ENUM_CONVERSION = YES;
				CLANG_WARN_INT_CONVERSION = YES;
				CLANG_WARN_OBJC_ROOT_CLASS = YES_ERROR;
				CLANG_WARN_UNREACHABLE_CODE = YES;
				CLANG_WARN__DUPLICATE_METHOD_MATCH = YES;
				"CODE_SIGN_IDENTITY[sdk=iphoneos*]" = "iPhone Developer";
				COPY_PHASE_STRIP = YES;
				ENABLE_NS_ASSERTIONS = NO;
				ENABLE_STRICT_OBJC_MSGSEND = YES;
				GCC_C_LANGUAGE_STANDARD = gnu99;
				GCC_WARN_64_TO_32_BIT_CONVERSION = YES;
				GCC_WARN_ABOUT_RETURN_TYPE = YES_ERROR;
				GCC_WARN_UNDECLARED_SELECTOR = YES;
				GCC_WARN_UNINITIALIZED_AUTOS = YES_AGGRESSIVE;
				GCC_WARN_UNUSED_FUNCTION = YES;
				GCC_WARN_UNUSED_VARIABLE = YES;
				IPHONEOS_DEPLOYMENT_TARGET = 8.1;
				MTL_ENABLE_DEBUG_INFO = NO;
				SDKROOT = iphoneos;
				VALIDATE_PRODUCT = YES;
			};
			name = Release;
		};
		9C474F851A273CE600A430A4 /* Debug */ = {
			isa = XCBuildConfiguration;
			buildSettings = {
				ASSETCATALOG_COMPILER_APPICON_NAME = AppIcon;
				INFOPLIST_FILE = TipCalculator/Info.plist;
				LD_RUNPATH_SEARCH_PATHS = "$(inherited) @executable_path/Frameworks";
				PRODUCT_NAME = "$(TARGET_NAME)";
			};
			name = Debug;
		};
		9C474F861A273CE600A430A4 /* Release */ = {
			isa = XCBuildConfiguration;
			buildSettings = {
				ASSETCATALOG_COMPILER_APPICON_NAME = AppIcon;
				INFOPLIST_FILE = TipCalculator/Info.plist;
				LD_RUNPATH_SEARCH_PATHS = "$(inherited) @executable_path/Frameworks";
				PRODUCT_NAME = "$(TARGET_NAME)";
			};
			name = Release;
		};
		9C474F881A273CE600A430A4 /* Debug */ = {
			isa = XCBuildConfiguration;
			buildSettings = {
				BUNDLE_LOADER = "$(TEST_HOST)";
				FRAMEWORK_SEARCH_PATHS = (
					"$(SDKROOT)/Developer/Library/Frameworks",
					"$(inherited)",
				);
				GCC_PREPROCESSOR_DEFINITIONS = (
					"DEBUG=1",
					"$(inherited)",
				);
				INFOPLIST_FILE = TipCalculatorTests/Info.plist;
				LD_RUNPATH_SEARCH_PATHS = "$(inherited) @executable_path/Frameworks @loader_path/Frameworks";
				PRODUCT_NAME = "$(TARGET_NAME)";
				TEST_HOST = "$(BUILT_PRODUCTS_DIR)/TipCalculator.app/TipCalculator";
			};
			name = Debug;
		};
		9C474F891A273CE600A430A4 /* Release */ = {
			isa = XCBuildConfiguration;
			buildSettings = {
				BUNDLE_LOADER = "$(TEST_HOST)";
				FRAMEWORK_SEARCH_PATHS = (
					"$(SDKROOT)/Developer/Library/Frameworks",
					"$(inherited)",
				);
				INFOPLIST_FILE = TipCalculatorTests/Info.plist;
				LD_RUNPATH_SEARCH_PATHS = "$(inherited) @executable_path/Frameworks @loader_path/Frameworks";
				PRODUCT_NAME = "$(TARGET_NAME)";
				TEST_HOST = "$(BUILT_PRODUCTS_DIR)/TipCalculator.app/TipCalculator";
			};
			name = Release;
		};
/* End XCBuildConfiguration section */

/* Begin XCConfigurationList section */
		9C474F601A273CE500A430A4 /* Build configuration list for PBXProject "TipCalculator" */ = {
			isa = XCConfigurationList;
			buildConfigurations = (
				9C474F821A273CE600A430A4 /* Debug */,
				9C474F831A273CE600A430A4 /* Release */,
			);
			defaultConfigurationIsVisible = 0;
			defaultConfigurationName = Release;
		};
		9C474F841A273CE600A430A4 /* Build configuration list for PBXNativeTarget "TipCalculator" */ = {
			isa = XCConfigurationList;
			buildConfigurations = (
				9C474F851A273CE600A430A4 /* Debug */,
				9C474F861A273CE600A430A4 /* Release */,
			);
			defaultConfigurationIsVisible = 0;
		};
		9C474F871A273CE600A430A4 /* Build configuration list for PBXNativeTarget "TipCalculatorTests" */ = {
			isa = XCConfigurationList;
			buildConfigurations = (
				9C474F881A273CE600A430A4 /* Debug */,
				9C474F891A273CE600A430A4 /* Release */,
			);
			defaultConfigurationIsVisible = 0;
		};
/* End XCConfigurationList section */
	};
	rootObject = 9C474F5D1A273CE500A430A4 /* Project object */;
}
