// !$*UTF8*$!
{
	archiveVersion = 1;
	classes = {
	};
	objectVersion = 46;
	objects = {

/* Begin PBXBuildFile section */
		3F0473681C85281A00860DAD /* AppDelegate.swift in Sources */ = {isa = PBXBuildFile; fileRef = 3F0473671C85281A00860DAD /* AppDelegate.swift */; };
		3F04736A1C85281A00860DAD /* ViewController.swift in Sources */ = {isa = PBXBuildFile; fileRef = 3F0473691C85281A00860DAD /* ViewController.swift */; };
		3F04736D1C85281A00860DAD /* Main.storyboard in Resources */ = {isa = PBXBuildFile; fileRef = 3F04736B1C85281A00860DAD /* Main.storyboard */; };
		3F04736F1C85281A00860DAD /* Assets.xcassets in Resources */ = {isa = PBXBuildFile; fileRef = 3F04736E1C85281A00860DAD /* Assets.xcassets */; };
		3F0473721C85281A00860DAD /* LaunchScreen.storyboard in Resources */ = {isa = PBXBuildFile; fileRef = 3F0473701C85281A00860DAD /* LaunchScreen.storyboard */; };
		3F0473F51C85327300860DAD /* ProjectCommon.framework in Frameworks */ = {isa = PBXBuildFile; fileRef = 3F0473F41C85327300860DAD /* ProjectCommon.framework */; };
/* End PBXBuildFile section */

/* Begin PBXFileReference section */
		3F0473641C85281A00860DAD /* ProjectOne.app */ = {isa = PBXFileReference; explicitFileType = wrapper.application; includeInIndex = 0; path = ProjectOne.app; sourceTree = BUILT_PRODUCTS_DIR; };
		3F0473671C85281A00860DAD /* AppDelegate.swift */ = {isa = PBXFileReference; lastKnownFileType = sourcecode.swift; path = AppDelegate.swift; sourceTree = "<group>"; };
		3F0473691C85281A00860DAD /* ViewController.swift */ = {isa = PBXFileReference; lastKnownFileType = sourcecode.swift; path = ViewController.swift; sourceTree = "<group>"; };
		3F04736C1C85281A00860DAD /* Base */ = {isa = PBXFileReference; lastKnownFileType = file.storyboard; name = Base; path = Base.lproj/Main.storyboard; sourceTree = "<group>"; };
		3F04736E1C85281A00860DAD /* Assets.xcassets */ = {isa = PBXFileReference; lastKnownFileType = folder.assetcatalog; path = Assets.xcassets; sourceTree = "<group>"; };
		3F0473711C85281A00860DAD /* Base */ = {isa = PBXFileReference; lastKnownFileType = file.storyboard; name = Base; path = Base.lproj/LaunchScreen.storyboard; sourceTree = "<group>"; };
		3F0473731C85281A00860DAD /* Info.plist */ = {isa = PBXFileReference; lastKnownFileType = text.plist.xml; path = Info.plist; sourceTree = "<group>"; };
		3F0473F41C85327300860DAD /* ProjectCommon.framework */ = {isa = PBXFileReference; lastKnownFileType = wrapper.framework; name = ProjectCommon.framework; path = "../../../../Library/Developer/Xcode/DerivedData/MultipleProjects-dflwritfmmgjsgcxrdqbclbwcdxo/Build/Products/Debug-iphonesimulator/ProjectCommon.framework"; sourceTree = "<group>"; };
/* End PBXFileReference section */

/* Begin PBXFrameworksBuildPhase section */
		3F0473611C85281A00860DAD /* Frameworks */ = {
			isa = PBXFrameworksBuildPhase;
			buildActionMask = 2147483647;
			files = (
				3F0473F51C85327300860DAD /* ProjectCommon.framework in Frameworks */,
			);
			runOnlyForDeploymentPostprocessing = 0;
		};
/* End PBXFrameworksBuildPhase section */

/* Begin PBXGroup section */
		3F04735B1C85281A00860DAD = {
			isa = PBXGroup;
			children = (
				3F0473F41C85327300860DAD /* ProjectCommon.framework */,
				3F0473661C85281A00860DAD /* ProjectOne */,
				3F0473651C85281A00860DAD /* Products */,
			);
			sourceTree = "<group>";
		};
		3F0473651C85281A00860DAD /* Products */ = {
			isa = PBXGroup;
			children = (
				3F0473641C85281A00860DAD /* ProjectOne.app */,
			);
			name = Products;
			sourceTree = "<group>";
		};
		3F0473661C85281A00860DAD /* ProjectOne */ = {
			isa = PBXGroup;
			children = (
				3F0473671C85281A00860DAD /* AppDelegate.swift */,
				3F0473691C85281A00860DAD /* ViewController.swift */,
				3F04736B1C85281A00860DAD /* Main.storyboard */,
				3F04736E1C85281A00860DAD /* Assets.xcassets */,
				3F0473701C85281A00860DAD /* LaunchScreen.storyboard */,
				3F0473731C85281A00860DAD /* Info.plist */,
			);
			path = ProjectOne;
			sourceTree = "<group>";
		};
/* End PBXGroup section */

/* Begin PBXNativeTarget section */
		3F0473631C85281A00860DAD /* ProjectOne */ = {
			isa = PBXNativeTarget;
			buildConfigurationList = 3F0473761C85281A00860DAD /* Build configuration list for PBXNativeTarget "ProjectOne" */;
			buildPhases = (
				3F0473601C85281A00860DAD /* Sources */,
				3F0473611C85281A00860DAD /* Frameworks */,
				3F0473621C85281A00860DAD /* Resources */,
			);
			buildRules = (
			);
			dependencies = (
			);
			name = ProjectOne;
			productName = ProjectOne;
			productReference = 3F0473641C85281A00860DAD /* ProjectOne.app */;
			productType = "com.apple.product-type.application";
		};
/* End PBXNativeTarget section */

/* Begin PBXProject section */
		3F04735C1C85281A00860DAD /* Project object */ = {
			isa = PBXProject;
			attributes = {
				LastSwiftUpdateCheck = 0720;
				LastUpgradeCheck = 0720;
				ORGANIZATIONNAME = simplyhired;
				TargetAttributes = {
					3F0473631C85281A00860DAD = {
						CreatedOnToolsVersion = 7.2;
						DevelopmentTeam = Y35VLJW3M5;
					};
				};
			};
			buildConfigurationList = 3F04735F1C85281A00860DAD /* Build configuration list for PBXProject "ProjectOne" */;
			compatibilityVersion = "Xcode 3.2";
			developmentRegion = English;
			hasScannedForEncodings = 0;
			knownRegions = (
				en,
				Base,
			);
			mainGroup = 3F04735B1C85281A00860DAD;
			productRefGroup = 3F0473651C85281A00860DAD /* Products */;
			projectDirPath = "";
			projectRoot = "";
			targets = (
				3F0473631C85281A00860DAD /* ProjectOne */,
			);
		};
/* End PBXProject section */

/* Begin PBXResourcesBuildPhase section */
		3F0473621C85281A00860DAD /* Resources */ = {
			isa = PBXResourcesBuildPhase;
			buildActionMask = 2147483647;
			files = (
				3F0473721C85281A00860DAD /* LaunchScreen.storyboard in Resources */,
				3F04736F1C85281A00860DAD /* Assets.xcassets in Resources */,
				3F04736D1C85281A00860DAD /* Main.storyboard in Resources */,
			);
			runOnlyForDeploymentPostprocessing = 0;
		};
/* End PBXResourcesBuildPhase section */

/* Begin PBXSourcesBuildPhase section */
		3F0473601C85281A00860DAD /* Sources */ = {
			isa = PBXSourcesBuildPhase;
			buildActionMask = 2147483647;
			files = (
				3F04736A1C85281A00860DAD /* ViewController.swift in Sources */,
				3F0473681C85281A00860DAD /* AppDelegate.swift in Sources */,
			);
			runOnlyForDeploymentPostprocessing = 0;
		};
/* End PBXSourcesBuildPhase section */

/* Begin PBXVariantGroup section */
		3F04736B1C85281A00860DAD /* Main.storyboard */ = {
			isa = PBXVariantGroup;
			children = (
				3F04736C1C85281A00860DAD /* Base */,
			);
			name = Main.storyboard;
			sourceTree = "<group>";
		};
		3F0473701C85281A00860DAD /* LaunchScreen.storyboard */ = {
			isa = PBXVariantGroup;
			children = (
				3F0473711C85281A00860DAD /* Base */,
			);
			name = LaunchScreen.storyboard;
			sourceTree = "<group>";
		};
/* End PBXVariantGroup section */

/* Begin XCBuildConfiguration section */
		3F0473741C85281A00860DAD /* Debug */ = {
			isa = XCBuildConfiguration;
			buildSettings = {
				ALWAYS_SEARCH_USER_PATHS = NO;
				CLANG_CXX_LANGUAGE_STANDARD = "gnu++0x";
				CLANG_CXX_LIBRARY = "libc++";
				CLANG_ENABLE_MODULES = YES;
				CLANG_ENABLE_OBJC_ARC = YES;
				CLANG_WARN_BOOL_CONVERSION = YES;
				CLANG_WARN_CONSTANT_CONVERSION = YES;
				CLANG_WARN_DIRECT_OBJC_ISA_USAGE = YES_ERROR;
				CLANG_WARN_EMPTY_BODY = YES;
				CLANG_WARN_ENUM_CONVERSION = YES;
				CLANG_WARN_INT_CONVERSION = YES;
				CLANG_WARN_OBJC_ROOT_CLASS = YES_ERROR;
				CLANG_WARN_UNREACHABLE_CODE = YES;
				CLANG_WARN__DUPLICATE_METHOD_MATCH = YES;
				"CODE_SIGN_IDENTITY[sdk=iphoneos*]" = "iPhone Developer";
				COPY_PHASE_STRIP = NO;
				DEBUG_INFORMATION_FORMAT = dwarf;
				ENABLE_STRICT_OBJC_MSGSEND = YES;
				ENABLE_TESTABILITY = YES;
				GCC_C_LANGUAGE_STANDARD = gnu99;
				GCC_DYNAMIC_NO_PIC = NO;
				GCC_NO_COMMON_BLOCKS = YES;
				GCC_OPTIMIZATION_LEVEL = 0;
				GCC_PREPROCESSOR_DEFINITIONS = (
					"DEBUG=1",
					"$(inherited)",
				);
				GCC_WARN_64_TO_32_BIT_CONVERSION = YES;
				GCC_WARN_ABOUT_RETURN_TYPE = YES_ERROR;
				GCC_WARN_UNDECLARED_SELECTOR = YES;
				GCC_WARN_UNINITIALIZED_AUTOS = YES_AGGRESSIVE;
				GCC_WARN_UNUSED_FUNCTION = YES;
				GCC_WARN_UNUSED_VARIABLE = YES;
				IPHONEOS_DEPLOYMENT_TARGET = 9.2;
				MTL_ENABLE_DEBUG_INFO = YES;
				ONLY_ACTIVE_ARCH = YES;
				SDKROOT = iphoneos;
				SWIFT_OPTIMIZATION_LEVEL = "-Onone";
			};
			name = Debug;
		};
		3F0473751C85281A00860DAD /* Release */ = {
			isa = XCBuildConfiguration;
			buildSettings = {
				ALWAYS_SEARCH_USER_PATHS = NO;
				CLANG_CXX_LANGUAGE_STANDARD = "gnu++0x";
				CLANG_CXX_LIBRARY = "libc++";
				CLANG_ENABLE_MODULES = YES;
				CLANG_ENABLE_OBJC_ARC = YES;
				CLANG_WARN_BOOL_CONVERSION = YES;
				CLANG_WARN_CONSTANT_CONVERSION = YES;
				CLANG_WARN_DIRECT_OBJC_ISA_USAGE = YES_ERROR;
				CLANG_WARN_EMPTY_BODY = YES;
				CLANG_WARN_ENUM_CONVERSION = YES;
				CLANG_WARN_INT_CONVERSION = YES;
				CLANG_WARN_OBJC_ROOT_CLASS = YES_ERROR;
				CLANG_WARN_UNREACHABLE_CODE = YES;
				CLANG_WARN__DUPLICATE_METHOD_MATCH = YES;
				"CODE_SIGN_IDENTITY[sdk=iphoneos*]" = "iPhone Developer";
				COPY_PHASE_STRIP = NO;
				DEBUG_INFORMATION_FORMAT = "dwarf-with-dsym";
				ENABLE_NS_ASSERTIONS = NO;
				ENABLE_STRICT_OBJC_MSGSEND = YES;
				GCC_C_LANGUAGE_STANDARD = gnu99;
				GCC_NO_COMMON_BLOCKS = YES;
				GCC_WARN_64_TO_32_BIT_CONVERSION = YES;
				GCC_WARN_ABOUT_RETURN_TYPE = YES_ERROR;
				GCC_WARN_UNDECLARED_SELECTOR = YES;
				GCC_WARN_UNINITIALIZED_AUTOS = YES_AGGRESSIVE;
				GCC_WARN_UNUSED_FUNCTION = YES;
				GCC_WARN_UNUSED_VARIABLE = YES;
				IPHONEOS_DEPLOYMENT_TARGET = 9.2;
				MTL_ENABLE_DEBUG_INFO = NO;
				SDKROOT = iphoneos;
				VALIDATE_PRODUCT = YES;
			};
			name = Release;
		};
		3F0473771C85281A00860DAD /* Debug */ = {
			isa = XCBuildConfiguration;
			buildSettings = {
				ASSETCATALOG_COMPILER_APPICON_NAME = AppIcon;
				CODE_SIGN_IDENTITY = "iPhone Developer";
				"CODE_SIGN_IDENTITY[sdk=iphoneos*]" = "iPhone Developer";
				INFOPLIST_FILE = ProjectOne/Info.plist;
				LD_RUNPATH_SEARCH_PATHS = "$(inherited) @executable_path/Frameworks";
				PRODUCT_BUNDLE_IDENTIFIER = com.simplyhired.ProjectOne;
				PRODUCT_NAME = "$(TARGET_NAME)";
				PROVISIONING_PROFILE = "";
			};
			name = Debug;
		};
		3F0473781C85281A00860DAD /* Release */ = {
			isa = XCBuildConfiguration;
			buildSettings = {
				ASSETCATALOG_COMPILER_APPICON_NAME = AppIcon;
				CODE_SIGN_IDENTITY = "iPhone Developer";
				"CODE_SIGN_IDENTITY[sdk=iphoneos*]" = "iPhone Developer";
				INFOPLIST_FILE = ProjectOne/Info.plist;
				LD_RUNPATH_SEARCH_PATHS = "$(inherited) @executable_path/Frameworks";
				PRODUCT_BUNDLE_IDENTIFIER = com.simplyhired.ProjectOne;
				PRODUCT_NAME = "$(TARGET_NAME)";
				PROVISIONING_PROFILE = "";
			};
			name = Release;
		};
/* End XCBuildConfiguration section */

/* Begin XCConfigurationList section */
		3F04735F1C85281A00860DAD /* Build configuration list for PBXProject "ProjectOne" */ = {
			isa = XCConfigurationList;
			buildConfigurations = (
				3F0473741C85281A00860DAD /* Debug */,
				3F0473751C85281A00860DAD /* Release */,
			);
			defaultConfigurationIsVisible = 0;
			defaultConfigurationName = Release;
		};
		3F0473761C85281A00860DAD /* Build configuration list for PBXNativeTarget "ProjectOne" */ = {
			isa = XCConfigurationList;
			buildConfigurations = (
				3F0473771C85281A00860DAD /* Debug */,
				3F0473781C85281A00860DAD /* Release */,
			);
			defaultConfigurationIsVisible = 0;
		};
/* End XCConfigurationList section */
	};
	rootObject = 3F04735C1C85281A00860DAD /* Project object */;
}
