// !$*UTF8*$!
{
	archiveVersion = 1;
	classes = {
	};
	objectVersion = 46;
	objects = {

/* Begin PBXBuildFile section */
		CF174A481A1E99CF00942F02 /* AppDelegate.swift in Sources */ = {isa = PBXBuildFile; fileRef = CF174A471A1E99CF00942F02 /* AppDelegate.swift */; };
		CF174A4A1A1E99CF00942F02 /* ViewController.swift in Sources */ = {isa = PBXBuildFile; fileRef = CF174A491A1E99CF00942F02 /* ViewController.swift */; };
		CF174A4D1A1E99CF00942F02 /* Main.storyboard in Resources */ = {isa = PBXBuildFile; fileRef = CF174A4B1A1E99CF00942F02 /* Main.storyboard */; };
		CF174A4F1A1E99CF00942F02 /* Images.xcassets in Resources */ = {isa = PBXBuildFile; fileRef = CF174A4E1A1E99CF00942F02 /* Images.xcassets */; };
		CF174A521A1E99D000942F02 /* LaunchScreen.xib in Resources */ = {isa = PBXBuildFile; fileRef = CF174A501A1E99D000942F02 /* LaunchScreen.xib */; };
		CF174A5E1A1E99D000942F02 /* WallpaperDemoTests.swift in Sources */ = {isa = PBXBuildFile; fileRef = CF174A5D1A1E99D000942F02 /* WallpaperDemoTests.swift */; };
		CF174ABF1A1E99EE00942F02 /* 01.jpg in Resources */ = {isa = PBXBuildFile; fileRef = CF174A8F1A1E99EE00942F02 /* 01.jpg */; };
		CF174AC01A1E99EE00942F02 /* 02.jpg in Resources */ = {isa = PBXBuildFile; fileRef = CF174A901A1E99EE00942F02 /* 02.jpg */; };
		CF174AC11A1E99EE00942F02 /* 03.jpg in Resources */ = {isa = PBXBuildFile; fileRef = CF174A911A1E99EE00942F02 /* 03.jpg */; };
		CF174AC21A1E99EE00942F02 /* 04.jpg in Resources */ = {isa = PBXBuildFile; fileRef = CF174A921A1E99EE00942F02 /* 04.jpg */; };
		CF174AC31A1E99EE00942F02 /* 05.jpg in Resources */ = {isa = PBXBuildFile; fileRef = CF174A931A1E99EE00942F02 /* 05.jpg */; };
		CF174AC41A1E99EE00942F02 /* 06.jpg in Resources */ = {isa = PBXBuildFile; fileRef = CF174A941A1E99EE00942F02 /* 06.jpg */; };
		CF174AC51A1E99EE00942F02 /* 07.jpg in Resources */ = {isa = PBXBuildFile; fileRef = CF174A951A1E99EE00942F02 /* 07.jpg */; };
		CF174AC61A1E99EE00942F02 /* 08.jpg in Resources */ = {isa = PBXBuildFile; fileRef = CF174A961A1E99EE00942F02 /* 08.jpg */; };
		CF174AC71A1E99EE00942F02 /* 09.jpg in Resources */ = {isa = PBXBuildFile; fileRef = CF174A971A1E99EE00942F02 /* 09.jpg */; };
		CF174AC81A1E99EE00942F02 /* 10.jpg in Resources */ = {isa = PBXBuildFile; fileRef = CF174A981A1E99EE00942F02 /* 10.jpg */; };
		CF174AC91A1E99EE00942F02 /* 11.jpg in Resources */ = {isa = PBXBuildFile; fileRef = CF174A991A1E99EE00942F02 /* 11.jpg */; };
		CF174ACA1A1E99EE00942F02 /* 12.jpg in Resources */ = {isa = PBXBuildFile; fileRef = CF174A9A1A1E99EE00942F02 /* 12.jpg */; };
		CF174ACC1A1E9A2400942F02 /* PaperViewController.swift in Sources */ = {isa = PBXBuildFile; fileRef = CF174ACB1A1E9A2400942F02 /* PaperViewController.swift */; };
/* End PBXBuildFile section */

/* Begin PBXContainerItemProxy section */
		CF174A581A1E99D000942F02 /* PBXContainerItemProxy */ = {
			isa = PBXContainerItemProxy;
			containerPortal = CF174A3A1A1E99CF00942F02 /* Project object */;
			proxyType = 1;
			remoteGlobalIDString = CF174A411A1E99CF00942F02;
			remoteInfo = WallpaperDemo;
		};
/* End PBXContainerItemProxy section */

/* Begin PBXFileReference section */
		CF174A421A1E99CF00942F02 /* WallpaperDemo.app */ = {isa = PBXFileReference; explicitFileType = wrapper.application; includeInIndex = 0; path = WallpaperDemo.app; sourceTree = BUILT_PRODUCTS_DIR; };
		CF174A461A1E99CF00942F02 /* Info.plist */ = {isa = PBXFileReference; lastKnownFileType = text.plist.xml; path = Info.plist; sourceTree = "<group>"; };
		CF174A471A1E99CF00942F02 /* AppDelegate.swift */ = {isa = PBXFileReference; lastKnownFileType = sourcecode.swift; path = AppDelegate.swift; sourceTree = "<group>"; };
		CF174A491A1E99CF00942F02 /* ViewController.swift */ = {isa = PBXFileReference; lastKnownFileType = sourcecode.swift; path = ViewController.swift; sourceTree = "<group>"; };
		CF174A4C1A1E99CF00942F02 /* Base */ = {isa = PBXFileReference; lastKnownFileType = file.storyboard; name = Base; path = Base.lproj/Main.storyboard; sourceTree = "<group>"; };
		CF174A4E1A1E99CF00942F02 /* Images.xcassets */ = {isa = PBXFileReference; lastKnownFileType = folder.assetcatalog; path = Images.xcassets; sourceTree = "<group>"; };
		CF174A511A1E99D000942F02 /* Base */ = {isa = PBXFileReference; lastKnownFileType = file.xib; name = Base; path = Base.lproj/LaunchScreen.xib; sourceTree = "<group>"; };
		CF174A571A1E99D000942F02 /* WallpaperDemoTests.xctest */ = {isa = PBXFileReference; explicitFileType = wrapper.cfbundle; includeInIndex = 0; path = WallpaperDemoTests.xctest; sourceTree = BUILT_PRODUCTS_DIR; };
		CF174A5C1A1E99D000942F02 /* Info.plist */ = {isa = PBXFileReference; lastKnownFileType = text.plist.xml; path = Info.plist; sourceTree = "<group>"; };
		CF174A5D1A1E99D000942F02 /* WallpaperDemoTests.swift */ = {isa = PBXFileReference; lastKnownFileType = sourcecode.swift; path = WallpaperDemoTests.swift; sourceTree = "<group>"; };
		CF174A8F1A1E99EE00942F02 /* 01.jpg */ = {isa = PBXFileReference; lastKnownFileType = image.jpeg; path = 01.jpg; sourceTree = "<group>"; };
		CF174A901A1E99EE00942F02 /* 02.jpg */ = {isa = PBXFileReference; lastKnownFileType = image.jpeg; path = 02.jpg; sourceTree = "<group>"; };
		CF174A911A1E99EE00942F02 /* 03.jpg */ = {isa = PBXFileReference; lastKnownFileType = image.jpeg; path = 03.jpg; sourceTree = "<group>"; };
		CF174A921A1E99EE00942F02 /* 04.jpg */ = {isa = PBXFileReference; lastKnownFileType = image.jpeg; path = 04.jpg; sourceTree = "<group>"; };
		CF174A931A1E99EE00942F02 /* 05.jpg */ = {isa = PBXFileReference; lastKnownFileType = image.jpeg; path = 05.jpg; sourceTree = "<group>"; };
		CF174A941A1E99EE00942F02 /* 06.jpg */ = {isa = PBXFileReference; lastKnownFileType = image.jpeg; path = 06.jpg; sourceTree = "<group>"; };
		CF174A951A1E99EE00942F02 /* 07.jpg */ = {isa = PBXFileReference; lastKnownFileType = image.jpeg; path = 07.jpg; sourceTree = "<group>"; };
		CF174A961A1E99EE00942F02 /* 08.jpg */ = {isa = PBXFileReference; lastKnownFileType = image.jpeg; path = 08.jpg; sourceTree = "<group>"; };
		CF174A971A1E99EE00942F02 /* 09.jpg */ = {isa = PBXFileReference; lastKnownFileType = image.jpeg; path = 09.jpg; sourceTree = "<group>"; };
		CF174A981A1E99EE00942F02 /* 10.jpg */ = {isa = PBXFileReference; lastKnownFileType = image.jpeg; path = 10.jpg; sourceTree = "<group>"; };
		CF174A991A1E99EE00942F02 /* 11.jpg */ = {isa = PBXFileReference; lastKnownFileType = image.jpeg; path = 11.jpg; sourceTree = "<group>"; };
		CF174A9A1A1E99EE00942F02 /* 12.jpg */ = {isa = PBXFileReference; lastKnownFileType = image.jpeg; path = 12.jpg; sourceTree = "<group>"; };
		CF174ACB1A1E9A2400942F02 /* PaperViewController.swift */ = {isa = PBXFileReference; fileEncoding = 4; lastKnownFileType = sourcecode.swift; path = PaperViewController.swift; sourceTree = "<group>"; };
/* End PBXFileReference section */

/* Begin PBXFrameworksBuildPhase section */
		CF174A3F1A1E99CF00942F02 /* Frameworks */ = {
			isa = PBXFrameworksBuildPhase;
			buildActionMask = 2147483647;
			files = (
			);
			runOnlyForDeploymentPostprocessing = 0;
		};
		CF174A541A1E99D000942F02 /* Frameworks */ = {
			isa = PBXFrameworksBuildPhase;
			buildActionMask = 2147483647;
			files = (
			);
			runOnlyForDeploymentPostprocessing = 0;
		};
/* End PBXFrameworksBuildPhase section */

/* Begin PBXGroup section */
		CF174A391A1E99CF00942F02 = {
			isa = PBXGroup;
			children = (
				CF174A441A1E99CF00942F02 /* WallpaperDemo */,
				CF174A5A1A1E99D000942F02 /* WallpaperDemoTests */,
				CF174A431A1E99CF00942F02 /* Products */,
			);
			sourceTree = "<group>";
		};
		CF174A431A1E99CF00942F02 /* Products */ = {
			isa = PBXGroup;
			children = (
				CF174A421A1E99CF00942F02 /* WallpaperDemo.app */,
				CF174A571A1E99D000942F02 /* WallpaperDemoTests.xctest */,
			);
			name = Products;
			sourceTree = "<group>";
		};
		CF174A441A1E99CF00942F02 /* WallpaperDemo */ = {
			isa = PBXGroup;
			children = (
				CF174A671A1E99ED00942F02 /* Art */,
				CF174A471A1E99CF00942F02 /* AppDelegate.swift */,
				CF174A491A1E99CF00942F02 /* ViewController.swift */,
				CF174ACB1A1E9A2400942F02 /* PaperViewController.swift */,
				CF174A4B1A1E99CF00942F02 /* Main.storyboard */,
				CF174A4E1A1E99CF00942F02 /* Images.xcassets */,
				CF174A501A1E99D000942F02 /* LaunchScreen.xib */,
				CF174A451A1E99CF00942F02 /* Supporting Files */,
			);
			path = WallpaperDemo;
			sourceTree = "<group>";
		};
		CF174A451A1E99CF00942F02 /* Supporting Files */ = {
			isa = PBXGroup;
			children = (
				CF174A461A1E99CF00942F02 /* Info.plist */,
			);
			name = "Supporting Files";
			sourceTree = "<group>";
		};
		CF174A5A1A1E99D000942F02 /* WallpaperDemoTests */ = {
			isa = PBXGroup;
			children = (
				CF174A5D1A1E99D000942F02 /* WallpaperDemoTests.swift */,
				CF174A5B1A1E99D000942F02 /* Supporting Files */,
			);
			path = WallpaperDemoTests;
			sourceTree = "<group>";
		};
		CF174A5B1A1E99D000942F02 /* Supporting Files */ = {
			isa = PBXGroup;
			children = (
				CF174A5C1A1E99D000942F02 /* Info.plist */,
			);
			name = "Supporting Files";
			sourceTree = "<group>";
		};
		CF174A671A1E99ED00942F02 /* Art */ = {
			isa = PBXGroup;
			children = (
				CF174A8F1A1E99EE00942F02 /* 01.jpg */,
				CF174A901A1E99EE00942F02 /* 02.jpg */,
				CF174A911A1E99EE00942F02 /* 03.jpg */,
				CF174A921A1E99EE00942F02 /* 04.jpg */,
				CF174A931A1E99EE00942F02 /* 05.jpg */,
				CF174A941A1E99EE00942F02 /* 06.jpg */,
				CF174A951A1E99EE00942F02 /* 07.jpg */,
				CF174A961A1E99EE00942F02 /* 08.jpg */,
				CF174A971A1E99EE00942F02 /* 09.jpg */,
				CF174A981A1E99EE00942F02 /* 10.jpg */,
				CF174A991A1E99EE00942F02 /* 11.jpg */,
				CF174A9A1A1E99EE00942F02 /* 12.jpg */,
			);
			path = Art;
			sourceTree = "<group>";
		};
/* End PBXGroup section */

/* Begin PBXNativeTarget section */
		CF174A411A1E99CF00942F02 /* WallpaperDemo */ = {
			isa = PBXNativeTarget;
			buildConfigurationList = CF174A611A1E99D000942F02 /* Build configuration list for PBXNativeTarget "WallpaperDemo" */;
			buildPhases = (
				CF174A3E1A1E99CF00942F02 /* Sources */,
				CF174A3F1A1E99CF00942F02 /* Frameworks */,
				CF174A401A1E99CF00942F02 /* Resources */,
			);
			buildRules = (
			);
			dependencies = (
			);
			name = WallpaperDemo;
			productName = WallpaperDemo;
			productReference = CF174A421A1E99CF00942F02 /* WallpaperDemo.app */;
			productType = "com.apple.product-type.application";
		};
		CF174A561A1E99D000942F02 /* WallpaperDemoTests */ = {
			isa = PBXNativeTarget;
			buildConfigurationList = CF174A641A1E99D000942F02 /* Build configuration list for PBXNativeTarget "WallpaperDemoTests" */;
			buildPhases = (
				CF174A531A1E99D000942F02 /* Sources */,
				CF174A541A1E99D000942F02 /* Frameworks */,
				CF174A551A1E99D000942F02 /* Resources */,
			);
			buildRules = (
			);
			dependencies = (
				CF174A591A1E99D000942F02 /* PBXTargetDependency */,
			);
			name = WallpaperDemoTests;
			productName = WallpaperDemoTests;
			productReference = CF174A571A1E99D000942F02 /* WallpaperDemoTests.xctest */;
			productType = "com.apple.product-type.bundle.unit-test";
		};
/* End PBXNativeTarget section */

/* Begin PBXProject section */
		CF174A3A1A1E99CF00942F02 /* Project object */ = {
			isa = PBXProject;
			attributes = {
				LastUpgradeCheck = 0620;
				ORGANIZATIONNAME = Razeware;
				TargetAttributes = {
					CF174A411A1E99CF00942F02 = {
						CreatedOnToolsVersion = 6.2;
					};
					CF174A561A1E99D000942F02 = {
						CreatedOnToolsVersion = 6.2;
						TestTargetID = CF174A411A1E99CF00942F02;
					};
				};
			};
			buildConfigurationList = CF174A3D1A1E99CF00942F02 /* Build configuration list for PBXProject "WallpaperDemo" */;
			compatibilityVersion = "Xcode 3.2";
			developmentRegion = English;
			hasScannedForEncodings = 0;
			knownRegions = (
				en,
				Base,
			);
			mainGroup = CF174A391A1E99CF00942F02;
			productRefGroup = CF174A431A1E99CF00942F02 /* Products */;
			projectDirPath = "";
			projectRoot = "";
			targets = (
				CF174A411A1E99CF00942F02 /* WallpaperDemo */,
				CF174A561A1E99D000942F02 /* WallpaperDemoTests */,
			);
		};
/* End PBXProject section */

/* Begin PBXResourcesBuildPhase section */
		CF174A401A1E99CF00942F02 /* Resources */ = {
			isa = PBXResourcesBuildPhase;
			buildActionMask = 2147483647;
			files = (
				CF174AC11A1E99EE00942F02 /* 03.jpg in Resources */,
				CF174ACA1A1E99EE00942F02 /* 12.jpg in Resources */,
				CF174AC21A1E99EE00942F02 /* 04.jpg in Resources */,
				CF174AC01A1E99EE00942F02 /* 02.jpg in Resources */,
				CF174AC51A1E99EE00942F02 /* 07.jpg in Resources */,
				CF174AC91A1E99EE00942F02 /* 11.jpg in Resources */,
				CF174AC81A1E99EE00942F02 /* 10.jpg in Resources */,
				CF174A4D1A1E99CF00942F02 /* Main.storyboard in Resources */,
				CF174AC31A1E99EE00942F02 /* 05.jpg in Resources */,
				CF174AC71A1E99EE00942F02 /* 09.jpg in Resources */,
				CF174AC41A1E99EE00942F02 /* 06.jpg in Resources */,
				CF174AC61A1E99EE00942F02 /* 08.jpg in Resources */,
				CF174ABF1A1E99EE00942F02 /* 01.jpg in Resources */,
				CF174A521A1E99D000942F02 /* LaunchScreen.xib in Resources */,
				CF174A4F1A1E99CF00942F02 /* Images.xcassets in Resources */,
			);
			runOnlyForDeploymentPostprocessing = 0;
		};
		CF174A551A1E99D000942F02 /* Resources */ = {
			isa = PBXResourcesBuildPhase;
			buildActionMask = 2147483647;
			files = (
			);
			runOnlyForDeploymentPostprocessing = 0;
		};
/* End PBXResourcesBuildPhase section */

/* Begin PBXSourcesBuildPhase section */
		CF174A3E1A1E99CF00942F02 /* Sources */ = {
			isa = PBXSourcesBuildPhase;
			buildActionMask = 2147483647;
			files = (
				CF174A4A1A1E99CF00942F02 /* ViewController.swift in Sources */,
				CF174ACC1A1E9A2400942F02 /* PaperViewController.swift in Sources */,
				CF174A481A1E99CF00942F02 /* AppDelegate.swift in Sources */,
			);
			runOnlyForDeploymentPostprocessing = 0;
		};
		CF174A531A1E99D000942F02 /* Sources */ = {
			isa = PBXSourcesBuildPhase;
			buildActionMask = 2147483647;
			files = (
				CF174A5E1A1E99D000942F02 /* WallpaperDemoTests.swift in Sources */,
			);
			runOnlyForDeploymentPostprocessing = 0;
		};
/* End PBXSourcesBuildPhase section */

/* Begin PBXTargetDependency section */
		CF174A591A1E99D000942F02 /* PBXTargetDependency */ = {
			isa = PBXTargetDependency;
			target = CF174A411A1E99CF00942F02 /* WallpaperDemo */;
			targetProxy = CF174A581A1E99D000942F02 /* PBXContainerItemProxy */;
		};
/* End PBXTargetDependency section */

/* Begin PBXVariantGroup section */
		CF174A4B1A1E99CF00942F02 /* Main.storyboard */ = {
			isa = PBXVariantGroup;
			children = (
				CF174A4C1A1E99CF00942F02 /* Base */,
			);
			name = Main.storyboard;
			sourceTree = "<group>";
		};
		CF174A501A1E99D000942F02 /* LaunchScreen.xib */ = {
			isa = PBXVariantGroup;
			children = (
				CF174A511A1E99D000942F02 /* Base */,
			);
			name = LaunchScreen.xib;
			sourceTree = "<group>";
		};
/* End PBXVariantGroup section */

/* Begin XCBuildConfiguration section */
		CF174A5F1A1E99D000942F02 /* Debug */ = {
			isa = XCBuildConfiguration;
			buildSettings = {
				ALWAYS_SEARCH_USER_PATHS = NO;
				CLANG_CXX_LANGUAGE_STANDARD = "gnu++0x";
				CLANG_CXX_LIBRARY = "libc++";
				CLANG_ENABLE_MODULES = YES;
				CLANG_ENABLE_OBJC_ARC = YES;
				CLANG_WARN_BOOL_CONVERSION = YES;
				CLANG_WARN_CONSTANT_CONVERSION = YES;
				CLANG_WARN_DIRECT_OBJC_ISA_USAGE = YES_ERROR;
				CLANG_WARN_EMPTY_BODY = YES;
				CLANG_WARN_ENUM_CONVERSION = YES;
				CLANG_WARN_INT_CONVERSION = YES;
				CLANG_WARN_OBJC_ROOT_CLASS = YES_ERROR;
				CLANG_WARN_UNREACHABLE_CODE = YES;
				CLANG_WARN__DUPLICATE_METHOD_MATCH = YES;
				"CODE_SIGN_IDENTITY[sdk=iphoneos*]" = "iPhone Developer";
				COPY_PHASE_STRIP = NO;
				ENABLE_STRICT_OBJC_MSGSEND = YES;
				GCC_C_LANGUAGE_STANDARD = gnu99;
				GCC_DYNAMIC_NO_PIC = NO;
				GCC_OPTIMIZATION_LEVEL = 0;
				GCC_PREPROCESSOR_DEFINITIONS = (
					"DEBUG=1",
					"$(inherited)",
				);
				GCC_SYMBOLS_PRIVATE_EXTERN = NO;
				GCC_WARN_64_TO_32_BIT_CONVERSION = YES;
				GCC_WARN_ABOUT_RETURN_TYPE = YES_ERROR;
				GCC_WARN_UNDECLARED_SELECTOR = YES;
				GCC_WARN_UNINITIALIZED_AUTOS = YES_AGGRESSIVE;
				GCC_WARN_UNUSED_FUNCTION = YES;
				GCC_WARN_UNUSED_VARIABLE = YES;
				IPHONEOS_DEPLOYMENT_TARGET = 8.1;
				MTL_ENABLE_DEBUG_INFO = YES;
				ONLY_ACTIVE_ARCH = YES;
				SDKROOT = iphoneos;
				SWIFT_OPTIMIZATION_LEVEL = "-Onone";
			};
			name = Debug;
		};
		CF174A601A1E99D000942F02 /* Release */ = {
			isa = XCBuildConfiguration;
			buildSettings = {
				ALWAYS_SEARCH_USER_PATHS = NO;
				CLANG_CXX_LANGUAGE_STANDARD = "gnu++0x";
				CLANG_CXX_LIBRARY = "libc++";
				CLANG_ENABLE_MODULES = YES;
				CLANG_ENABLE_OBJC_ARC = YES;
				CLANG_WARN_BOOL_CONVERSION = YES;
				CLANG_WARN_CONSTANT_CONVERSION = YES;
				CLANG_WARN_DIRECT_OBJC_ISA_USAGE = YES_ERROR;
				CLANG_WARN_EMPTY_BODY = YES;
				CLANG_WARN_ENUM_CONVERSION = YES;
				CLANG_WARN_INT_CONVERSION = YES;
				CLANG_WARN_OBJC_ROOT_CLASS = YES_ERROR;
				CLANG_WARN_UNREACHABLE_CODE = YES;
				CLANG_WARN__DUPLICATE_METHOD_MATCH = YES;
				"CODE_SIGN_IDENTITY[sdk=iphoneos*]" = "iPhone Developer";
				COPY_PHASE_STRIP = YES;
				ENABLE_NS_ASSERTIONS = NO;
				ENABLE_STRICT_OBJC_MSGSEND = YES;
				GCC_C_LANGUAGE_STANDARD = gnu99;
				GCC_WARN_64_TO_32_BIT_CONVERSION = YES;
				GCC_WARN_ABOUT_RETURN_TYPE = YES_ERROR;
				GCC_WARN_UNDECLARED_SELECTOR = YES;
				GCC_WARN_UNINITIALIZED_AUTOS = YES_AGGRESSIVE;
				GCC_WARN_UNUSED_FUNCTION = YES;
				GCC_WARN_UNUSED_VARIABLE = YES;
				IPHONEOS_DEPLOYMENT_TARGET = 8.1;
				MTL_ENABLE_DEBUG_INFO = NO;
				SDKROOT = iphoneos;
				VALIDATE_PRODUCT = YES;
			};
			name = Release;
		};
		CF174A621A1E99D000942F02 /* Debug */ = {
			isa = XCBuildConfiguration;
			buildSettings = {
				ASSETCATALOG_COMPILER_APPICON_NAME = AppIcon;
				INFOPLIST_FILE = WallpaperDemo/Info.plist;
				LD_RUNPATH_SEARCH_PATHS = "$(inherited) @executable_path/Frameworks";
				PRODUCT_NAME = "$(TARGET_NAME)";
			};
			name = Debug;
		};
		CF174A631A1E99D000942F02 /* Release */ = {
			isa = XCBuildConfiguration;
			buildSettings = {
				ASSETCATALOG_COMPILER_APPICON_NAME = AppIcon;
				INFOPLIST_FILE = WallpaperDemo/Info.plist;
				LD_RUNPATH_SEARCH_PATHS = "$(inherited) @executable_path/Frameworks";
				PRODUCT_NAME = "$(TARGET_NAME)";
			};
			name = Release;
		};
		CF174A651A1E99D000942F02 /* Debug */ = {
			isa = XCBuildConfiguration;
			buildSettings = {
				BUNDLE_LOADER = "$(TEST_HOST)";
				FRAMEWORK_SEARCH_PATHS = (
					"$(SDKROOT)/Developer/Library/Frameworks",
					"$(inherited)",
				);
				GCC_PREPROCESSOR_DEFINITIONS = (
					"DEBUG=1",
					"$(inherited)",
				);
				INFOPLIST_FILE = WallpaperDemoTests/Info.plist;
				LD_RUNPATH_SEARCH_PATHS = "$(inherited) @executable_path/Frameworks @loader_path/Frameworks";
				PRODUCT_NAME = "$(TARGET_NAME)";
				TEST_HOST = "$(BUILT_PRODUCTS_DIR)/WallpaperDemo.app/WallpaperDemo";
			};
			name = Debug;
		};
		CF174A661A1E99D000942F02 /* Release */ = {
			isa = XCBuildConfiguration;
			buildSettings = {
				BUNDLE_LOADER = "$(TEST_HOST)";
				FRAMEWORK_SEARCH_PATHS = (
					"$(SDKROOT)/Developer/Library/Frameworks",
					"$(inherited)",
				);
				INFOPLIST_FILE = WallpaperDemoTests/Info.plist;
				LD_RUNPATH_SEARCH_PATHS = "$(inherited) @executable_path/Frameworks @loader_path/Frameworks";
				PRODUCT_NAME = "$(TARGET_NAME)";
				TEST_HOST = "$(BUILT_PRODUCTS_DIR)/WallpaperDemo.app/WallpaperDemo";
			};
			name = Release;
		};
/* End XCBuildConfiguration section */

/* Begin XCConfigurationList section */
		CF174A3D1A1E99CF00942F02 /* Build configuration list for PBXProject "WallpaperDemo" */ = {
			isa = XCConfigurationList;
			buildConfigurations = (
				CF174A5F1A1E99D000942F02 /* Debug */,
				CF174A601A1E99D000942F02 /* Release */,
			);
			defaultConfigurationIsVisible = 0;
			defaultConfigurationName = Release;
		};
		CF174A611A1E99D000942F02 /* Build configuration list for PBXNativeTarget "WallpaperDemo" */ = {
			isa = XCConfigurationList;
			buildConfigurations = (
				CF174A621A1E99D000942F02 /* Debug */,
				CF174A631A1E99D000942F02 /* Release */,
			);
			defaultConfigurationIsVisible = 0;
			defaultConfigurationName = Release;
		};
		CF174A641A1E99D000942F02 /* Build configuration list for PBXNativeTarget "WallpaperDemoTests" */ = {
			isa = XCConfigurationList;
			buildConfigurations = (
				CF174A651A1E99D000942F02 /* Debug */,
				CF174A661A1E99D000942F02 /* Release */,
			);
			defaultConfigurationIsVisible = 0;
			defaultConfigurationName = Release;
		};
/* End XCConfigurationList section */
	};
	rootObject = CF174A3A1A1E99CF00942F02 /* Project object */;
}
